// !$*UTF8*$!
{
	archiveVersion = 1;
	classes = {
	};
	objectVersion = 56;
	objects = {

/* Begin PBXBuildFile section */
		63D86F112B0E3E5900A28DEA /* kakaoinfo.plist in Resources */ = {isa = PBXBuildFile; fileRef = 63D86F102B0E3E5900A28DEA /* kakaoinfo.plist */; };
		63D86F142B0E3E9200A28DEA /* GoogleSignIn in Frameworks */ = {isa = PBXBuildFile; productRef = 63D86F132B0E3E9200A28DEA /* GoogleSignIn */; };
		63D86F162B0E3E9200A28DEA /* GoogleSignInSwift in Frameworks */ = {isa = PBXBuildFile; productRef = 63D86F152B0E3E9200A28DEA /* GoogleSignInSwift */; };
		63D86F262B0E3EEE00A28DEA /* NextPageView.swift in Sources */ = {isa = PBXBuildFile; fileRef = 63D86F242B0E3EEE00A28DEA /* NextPageView.swift */; };
		63D86F272B0E3EEE00A28DEA /* UserData.swift in Sources */ = {isa = PBXBuildFile; fileRef = 63D86F252B0E3EEE00A28DEA /* UserData.swift */; };
		63D86F292B0E3EF400A28DEA /* KaKaoAuthVM.swift in Sources */ = {isa = PBXBuildFile; fileRef = 63D86F282B0E3EF400A28DEA /* KaKaoAuthVM.swift */; };
		73B44C982B0E379800B0A4FC /* DiaryDetailView.swift in Sources */ = {isa = PBXBuildFile; fileRef = 73B44C942B0E379800B0A4FC /* DiaryDetailView.swift */; };
		73B44C992B0E379800B0A4FC /* DiaryDetailMenuView.swift in Sources */ = {isa = PBXBuildFile; fileRef = 73B44C952B0E379800B0A4FC /* DiaryDetailMenuView.swift */; };
		73B44C9A2B0E379800B0A4FC /* DiaryDetailCell.swift in Sources */ = {isa = PBXBuildFile; fileRef = 73B44C962B0E379800B0A4FC /* DiaryDetailCell.swift */; };
		73B44C9C2B0E37CD00B0A4FC /* MainView.swift in Sources */ = {isa = PBXBuildFile; fileRef = 73B44C9B2B0E37CC00B0A4FC /* MainView.swift */; };
		7C47A9CD2B0E46FB00D23510 /* CustomAlert.swift in Sources */ = {isa = PBXBuildFile; fileRef = 7C47A9CC2B0E46FB00D23510 /* CustomAlert.swift */; };
		7C47A9D62B0E486700D23510 /* CustomCorners.swift in Sources */ = {isa = PBXBuildFile; fileRef = 7C47A9D52B0E486700D23510 /* CustomCorners.swift */; };
		7C47A9D82B0E486B00D23510 /* extensions.swift in Sources */ = {isa = PBXBuildFile; fileRef = 7C47A9D72B0E486B00D23510 /* extensions.swift */; };
		7C47A9DA2B0E486E00D23510 /* TabButton.swift in Sources */ = {isa = PBXBuildFile; fileRef = 7C47A9D92B0E486E00D23510 /* TabButton.swift */; };
		7C87D5562B0DD51D00C3F3EC /* MainViewCell.swift in Sources */ = {isa = PBXBuildFile; fileRef = 7C87D5552B0DD51D00C3F3EC /* MainViewCell.swift */; };
		B10DE5EA2B0AFDFF00A30B5F /* ContentViewModel.swift in Sources */ = {isa = PBXBuildFile; fileRef = B10DE5E92B0AFDFF00A30B5F /* ContentViewModel.swift */; };
		B10DE5EC2B0BDFCF00A30B5F /* MakeNewDiaryContentView.swift in Sources */ = {isa = PBXBuildFile; fileRef = B10DE5EB2B0BDFCF00A30B5F /* MakeNewDiaryContentView.swift */; };
		B12475C02B050FD50005117A /* MainFrameView.swift in Sources */ = {isa = PBXBuildFile; fileRef = B12475BF2B050FD50005117A /* MainFrameView.swift */; };
		B12475C72B051AE00005117A /* SideContentView.swift in Sources */ = {isa = PBXBuildFile; fileRef = B12475C62B051AE00005117A /* SideContentView.swift */; };
		B12475D32B05591C0005117A /* MyPageView.swift in Sources */ = {isa = PBXBuildFile; fileRef = B12475D22B05591C0005117A /* MyPageView.swift */; };
		B12475D52B0559D10005117A /* AddFriendsView.swift in Sources */ = {isa = PBXBuildFile; fileRef = B12475D42B0559D10005117A /* AddFriendsView.swift */; };
		B12475D72B055AFA0005117A /* ListOfFriendsView.swift in Sources */ = {isa = PBXBuildFile; fileRef = B12475D62B055AFA0005117A /* ListOfFriendsView.swift */; };
		B12475D92B055B4C0005117A /* SendLetterView.swift in Sources */ = {isa = PBXBuildFile; fileRef = B12475D82B055B4C0005117A /* SendLetterView.swift */; };
		B12475DB2B055BA90005117A /* ReceivedLetterView.swift in Sources */ = {isa = PBXBuildFile; fileRef = B12475DA2B055BA90005117A /* ReceivedLetterView.swift */; };
		B12475DD2B055BE30005117A /* AlarmView.swift in Sources */ = {isa = PBXBuildFile; fileRef = B12475DC2B055BE30005117A /* AlarmView.swift */; };
		B12475DF2B05AF240005117A /* GoBackView.swift in Sources */ = {isa = PBXBuildFile; fileRef = B12475DE2B05AF240005117A /* GoBackView.swift */; };
		B12475E32B0895D40005117A /* MakeNewDiaryView.swift in Sources */ = {isa = PBXBuildFile; fileRef = B12475E22B0895D40005117A /* MakeNewDiaryView.swift */; };
		B12475ED2B0913380005117A /* EmptyView.swift in Sources */ = {isa = PBXBuildFile; fileRef = B12475EC2B0913380005117A /* EmptyView.swift */; };
		B124764F2B0A6CCB0005117A /* NetworkManager.swift in Sources */ = {isa = PBXBuildFile; fileRef = B124764E2B0A6CCB0005117A /* NetworkManager.swift */; };
		B12476512B0A6DAC0005117A /* ExDiary.swift in Sources */ = {isa = PBXBuildFile; fileRef = B12476502B0A6DAC0005117A /* ExDiary.swift */; };
		B12476542B0A6F520005117A /* TeamMember.swift in Sources */ = {isa = PBXBuildFile; fileRef = B12476532B0A6F520005117A /* TeamMember.swift */; };
		B12476562B0A6F5D0005117A /* Diary.swift in Sources */ = {isa = PBXBuildFile; fileRef = B12476552B0A6F5D0005117A /* Diary.swift */; };
		B12476582B0A6F660005117A /* Comment.swift in Sources */ = {isa = PBXBuildFile; fileRef = B12476572B0A6F660005117A /* Comment.swift */; };
		B124765A2B0A6F750005117A /* Notice.swift in Sources */ = {isa = PBXBuildFile; fileRef = B12476592B0A6F750005117A /* Notice.swift */; };
		B124765D2B0A7B4B0005117A /* Cafe24Ssurround.ttf in Resources */ = {isa = PBXBuildFile; fileRef = B124765C2B0A7B4B0005117A /* Cafe24Ssurround.ttf */; };
		B124765F2B0A7B640005117A /* Cafe24SsurroundAir.ttf in Resources */ = {isa = PBXBuildFile; fileRef = B124765E2B0A7B640005117A /* Cafe24SsurroundAir.ttf */; };
		B12B69CF2B0DF78300611515 /* ListOfMembersView.swift in Sources */ = {isa = PBXBuildFile; fileRef = B12B69CE2B0DF78300611515 /* ListOfMembersView.swift */; };
		B1A07A802AF5348300D5818F /* MechuriRiOSApp.swift in Sources */ = {isa = PBXBuildFile; fileRef = B1A07A7F2AF5348300D5818F /* MechuriRiOSApp.swift */; };
		B1A07A822AF5348300D5818F /* ContentView.swift in Sources */ = {isa = PBXBuildFile; fileRef = B1A07A812AF5348300D5818F /* ContentView.swift */; };
		B1A07A842AF5348800D5818F /* Assets.xcassets in Resources */ = {isa = PBXBuildFile; fileRef = B1A07A832AF5348800D5818F /* Assets.xcassets */; };
		B1A07A872AF5348800D5818F /* Preview Assets.xcassets in Resources */ = {isa = PBXBuildFile; fileRef = B1A07A862AF5348800D5818F /* Preview Assets.xcassets */; };
		B1A07A8E2AF534B900D5818F /* LoginView.swift in Sources */ = {isa = PBXBuildFile; fileRef = B1A07A8D2AF534B900D5818F /* LoginView.swift */; };
/* End PBXBuildFile section */

/* Begin PBXFileReference section */
		63D86F102B0E3E5900A28DEA /* kakaoinfo.plist */ = {isa = PBXFileReference; fileEncoding = 4; lastKnownFileType = text.plist.xml; path = kakaoinfo.plist; sourceTree = "<group>"; };
		63D86F242B0E3EEE00A28DEA /* NextPageView.swift */ = {isa = PBXFileReference; fileEncoding = 4; lastKnownFileType = sourcecode.swift; path = NextPageView.swift; sourceTree = "<group>"; };
		63D86F252B0E3EEE00A28DEA /* UserData.swift */ = {isa = PBXFileReference; fileEncoding = 4; lastKnownFileType = sourcecode.swift; path = UserData.swift; sourceTree = "<group>"; };
		63D86F282B0E3EF400A28DEA /* KaKaoAuthVM.swift */ = {isa = PBXFileReference; fileEncoding = 4; lastKnownFileType = sourcecode.swift; path = KaKaoAuthVM.swift; sourceTree = "<group>"; };
		73B44C942B0E379800B0A4FC /* DiaryDetailView.swift */ = {isa = PBXFileReference; fileEncoding = 4; lastKnownFileType = sourcecode.swift; path = DiaryDetailView.swift; sourceTree = "<group>"; };
		73B44C952B0E379800B0A4FC /* DiaryDetailMenuView.swift */ = {isa = PBXFileReference; fileEncoding = 4; lastKnownFileType = sourcecode.swift; path = DiaryDetailMenuView.swift; sourceTree = "<group>"; };
		73B44C962B0E379800B0A4FC /* DiaryDetailCell.swift */ = {isa = PBXFileReference; fileEncoding = 4; lastKnownFileType = sourcecode.swift; path = DiaryDetailCell.swift; sourceTree = "<group>"; };
		73B44C9B2B0E37CC00B0A4FC /* MainView.swift */ = {isa = PBXFileReference; fileEncoding = 4; lastKnownFileType = sourcecode.swift; path = MainView.swift; sourceTree = "<group>"; };
		7C47A9CC2B0E46FB00D23510 /* CustomAlert.swift */ = {isa = PBXFileReference; fileEncoding = 4; lastKnownFileType = sourcecode.swift; path = CustomAlert.swift; sourceTree = "<group>"; };
		7C47A9D52B0E486700D23510 /* CustomCorners.swift */ = {isa = PBXFileReference; fileEncoding = 4; lastKnownFileType = sourcecode.swift; path = CustomCorners.swift; sourceTree = "<group>"; };
		7C47A9D72B0E486B00D23510 /* extensions.swift */ = {isa = PBXFileReference; fileEncoding = 4; lastKnownFileType = sourcecode.swift; path = extensions.swift; sourceTree = "<group>"; };
		7C47A9D92B0E486E00D23510 /* TabButton.swift */ = {isa = PBXFileReference; fileEncoding = 4; lastKnownFileType = sourcecode.swift; path = TabButton.swift; sourceTree = "<group>"; };
		7C87D5552B0DD51D00C3F3EC /* MainViewCell.swift */ = {isa = PBXFileReference; lastKnownFileType = sourcecode.swift; path = MainViewCell.swift; sourceTree = "<group>"; };
		B10DE5E92B0AFDFF00A30B5F /* ContentViewModel.swift */ = {isa = PBXFileReference; lastKnownFileType = sourcecode.swift; path = ContentViewModel.swift; sourceTree = "<group>"; };
		B10DE5EB2B0BDFCF00A30B5F /* MakeNewDiaryContentView.swift */ = {isa = PBXFileReference; lastKnownFileType = sourcecode.swift; path = MakeNewDiaryContentView.swift; sourceTree = "<group>"; };
		B12475BF2B050FD50005117A /* MainFrameView.swift */ = {isa = PBXFileReference; lastKnownFileType = sourcecode.swift; path = MainFrameView.swift; sourceTree = "<group>"; };
		B12475C62B051AE00005117A /* SideContentView.swift */ = {isa = PBXFileReference; lastKnownFileType = sourcecode.swift; path = SideContentView.swift; sourceTree = "<group>"; };
		B12475D22B05591C0005117A /* MyPageView.swift */ = {isa = PBXFileReference; lastKnownFileType = sourcecode.swift; path = MyPageView.swift; sourceTree = "<group>"; };
		B12475D42B0559D10005117A /* AddFriendsView.swift */ = {isa = PBXFileReference; lastKnownFileType = sourcecode.swift; path = AddFriendsView.swift; sourceTree = "<group>"; };
		B12475D62B055AFA0005117A /* ListOfFriendsView.swift */ = {isa = PBXFileReference; lastKnownFileType = sourcecode.swift; path = ListOfFriendsView.swift; sourceTree = "<group>"; };
		B12475D82B055B4C0005117A /* SendLetterView.swift */ = {isa = PBXFileReference; lastKnownFileType = sourcecode.swift; path = SendLetterView.swift; sourceTree = "<group>"; };
		B12475DA2B055BA90005117A /* ReceivedLetterView.swift */ = {isa = PBXFileReference; lastKnownFileType = sourcecode.swift; path = ReceivedLetterView.swift; sourceTree = "<group>"; };
		B12475DC2B055BE30005117A /* AlarmView.swift */ = {isa = PBXFileReference; lastKnownFileType = sourcecode.swift; path = AlarmView.swift; sourceTree = "<group>"; };
		B12475DE2B05AF240005117A /* GoBackView.swift */ = {isa = PBXFileReference; lastKnownFileType = sourcecode.swift; path = GoBackView.swift; sourceTree = "<group>"; };
		B12475E22B0895D40005117A /* MakeNewDiaryView.swift */ = {isa = PBXFileReference; lastKnownFileType = sourcecode.swift; path = MakeNewDiaryView.swift; sourceTree = "<group>"; };
		B12475EC2B0913380005117A /* EmptyView.swift */ = {isa = PBXFileReference; lastKnownFileType = sourcecode.swift; path = EmptyView.swift; sourceTree = "<group>"; };
		B124764E2B0A6CCB0005117A /* NetworkManager.swift */ = {isa = PBXFileReference; lastKnownFileType = sourcecode.swift; path = NetworkManager.swift; sourceTree = "<group>"; };
		B12476502B0A6DAC0005117A /* ExDiary.swift */ = {isa = PBXFileReference; lastKnownFileType = sourcecode.swift; path = ExDiary.swift; sourceTree = "<group>"; };
		B12476532B0A6F520005117A /* TeamMember.swift */ = {isa = PBXFileReference; lastKnownFileType = sourcecode.swift; path = TeamMember.swift; sourceTree = "<group>"; };
		B12476552B0A6F5D0005117A /* Diary.swift */ = {isa = PBXFileReference; lastKnownFileType = sourcecode.swift; path = Diary.swift; sourceTree = "<group>"; };
		B12476572B0A6F660005117A /* Comment.swift */ = {isa = PBXFileReference; lastKnownFileType = sourcecode.swift; path = Comment.swift; sourceTree = "<group>"; };
		B12476592B0A6F750005117A /* Notice.swift */ = {isa = PBXFileReference; lastKnownFileType = sourcecode.swift; path = Notice.swift; sourceTree = "<group>"; };
		B124765C2B0A7B4B0005117A /* Cafe24Ssurround.ttf */ = {isa = PBXFileReference; lastKnownFileType = file; path = Cafe24Ssurround.ttf; sourceTree = "<group>"; };
		B124765E2B0A7B640005117A /* Cafe24SsurroundAir.ttf */ = {isa = PBXFileReference; lastKnownFileType = file; path = Cafe24SsurroundAir.ttf; sourceTree = "<group>"; };
		B12476602B0A7C400005117A /* Info.plist */ = {isa = PBXFileReference; lastKnownFileType = text.plist; path = Info.plist; sourceTree = "<group>"; };
		B12B69CE2B0DF78300611515 /* ListOfMembersView.swift */ = {isa = PBXFileReference; lastKnownFileType = sourcecode.swift; path = ListOfMembersView.swift; sourceTree = "<group>"; };
		B1A07A7C2AF5348300D5818F /* MechuriRiOS.app */ = {isa = PBXFileReference; explicitFileType = wrapper.application; includeInIndex = 0; path = MechuriRiOS.app; sourceTree = BUILT_PRODUCTS_DIR; };
		B1A07A7F2AF5348300D5818F /* MechuriRiOSApp.swift */ = {isa = PBXFileReference; lastKnownFileType = sourcecode.swift; path = MechuriRiOSApp.swift; sourceTree = "<group>"; };
		B1A07A812AF5348300D5818F /* ContentView.swift */ = {isa = PBXFileReference; lastKnownFileType = sourcecode.swift; path = ContentView.swift; sourceTree = "<group>"; };
		B1A07A832AF5348800D5818F /* Assets.xcassets */ = {isa = PBXFileReference; lastKnownFileType = folder.assetcatalog; path = Assets.xcassets; sourceTree = "<group>"; };
		B1A07A862AF5348800D5818F /* Preview Assets.xcassets */ = {isa = PBXFileReference; lastKnownFileType = folder.assetcatalog; path = "Preview Assets.xcassets"; sourceTree = "<group>"; };
		B1A07A8D2AF534B900D5818F /* LoginView.swift */ = {isa = PBXFileReference; lastKnownFileType = sourcecode.swift; path = LoginView.swift; sourceTree = "<group>"; };
/* End PBXFileReference section */

/* Begin PBXFrameworksBuildPhase section */
		B1A07A792AF5348300D5818F /* Frameworks */ = {
			isa = PBXFrameworksBuildPhase;
			buildActionMask = 2147483647;
			files = (
				63D86F142B0E3E9200A28DEA /* GoogleSignIn in Frameworks */,
				63D86F162B0E3E9200A28DEA /* GoogleSignInSwift in Frameworks */,
			);
			runOnlyForDeploymentPostprocessing = 0;
		};
/* End PBXFrameworksBuildPhase section */

/* Begin PBXGroup section */
		B12475E72B08CEC60005117A /* model */ = {
			isa = PBXGroup;
			children = (
				63D86F252B0E3EEE00A28DEA /* UserData.swift */,
				B12476502B0A6DAC0005117A /* ExDiary.swift */,
				B12476532B0A6F520005117A /* TeamMember.swift */,
				B12476552B0A6F5D0005117A /* Diary.swift */,
				B12476572B0A6F660005117A /* Comment.swift */,
				B12476592B0A6F750005117A /* Notice.swift */,
			);
			path = model;
			sourceTree = "<group>";
		};
		B12476522B0A6E460005117A /* Friends */ = {
			isa = PBXGroup;
			children = (
				B12475D42B0559D10005117A /* AddFriendsView.swift */,
				B12475D62B055AFA0005117A /* ListOfFriendsView.swift */,
				B12B69CE2B0DF78300611515 /* ListOfMembersView.swift */,
			);
			path = Friends;
			sourceTree = "<group>";
		};
		B124765B2B0A7A780005117A /* fonts */ = {
			isa = PBXGroup;
			children = (
				B124765E2B0A7B640005117A /* Cafe24SsurroundAir.ttf */,
				B124765C2B0A7B4B0005117A /* Cafe24Ssurround.ttf */,
			);
			path = fonts;
			sourceTree = "<group>";
		};
		B1760DDD2B9D48FE00D4C88A /* Main */ = {
			isa = PBXGroup;
			children = (
				B12475BF2B050FD50005117A /* MainFrameView.swift */,
				B12475C62B051AE00005117A /* SideContentView.swift */,
				73B44C9B2B0E37CC00B0A4FC /* MainView.swift */,
				7C87D5552B0DD51D00C3F3EC /* MainViewCell.swift */,
			);
			path = Main;
			sourceTree = "<group>";
		};
		B1760DDE2B9D491C00D4C88A /* Login */ = {
			isa = PBXGroup;
			children = (
				63D86F282B0E3EF400A28DEA /* KaKaoAuthVM.swift */,
				63D86F242B0E3EEE00A28DEA /* NextPageView.swift */,
				B1A07A8D2AF534B900D5818F /* LoginView.swift */,
			);
			path = Login;
			sourceTree = "<group>";
		};
		B1760DDF2B9D496200D4C88A /* Diary */ = {
			isa = PBXGroup;
			children = (
				73B44C962B0E379800B0A4FC /* DiaryDetailCell.swift */,
				73B44C952B0E379800B0A4FC /* DiaryDetailMenuView.swift */,
				73B44C942B0E379800B0A4FC /* DiaryDetailView.swift */,
				B12475E22B0895D40005117A /* MakeNewDiaryView.swift */,
				B10DE5EB2B0BDFCF00A30B5F /* MakeNewDiaryContentView.swift */,
			);
			path = Diary;
			sourceTree = "<group>";
		};
		B1760DE02B9D499F00D4C88A /* Items */ = {
			isa = PBXGroup;
			children = (
				7C47A9CC2B0E46FB00D23510 /* CustomAlert.swift */,
				B12475DE2B05AF240005117A /* GoBackView.swift */,
				B12475EC2B0913380005117A /* EmptyView.swift */,
				7C47A9D52B0E486700D23510 /* CustomCorners.swift */,
				7C47A9D72B0E486B00D23510 /* extensions.swift */,
				7C47A9D92B0E486E00D23510 /* TabButton.swift */,
				B124765B2B0A7A780005117A /* fonts */,
			);
			path = Items;
			sourceTree = "<group>";
		};
		B1760DE12B9D49B100D4C88A /* MyPage */ = {
			isa = PBXGroup;
			children = (
				B12475D22B05591C0005117A /* MyPageView.swift */,
				B12475DC2B055BE30005117A /* AlarmView.swift */,
			);
			path = MyPage;
			sourceTree = "<group>";
		};
		B1760DE22B9D4A1C00D4C88A /* iOS */ = {
			isa = PBXGroup;
			children = (
				B1760DDD2B9D48FE00D4C88A /* Main */,
				B1760DDE2B9D491C00D4C88A /* Login */,
				B1760DE12B9D49B100D4C88A /* MyPage */,
				B1760DDF2B9D496200D4C88A /* Diary */,
				B1760DE62B9D4BB800D4C88A /* Letter */,
				B12476522B0A6E460005117A /* Friends */,
				B12475E72B08CEC60005117A /* model */,
				B1760DE52B9D4B7F00D4C88A /* ViewModels */,
				B1760DE32B9D4AC000D4C88A /* Helper */,
			);
			path = iOS;
			sourceTree = "<group>";
		};
		B1760DE32B9D4AC000D4C88A /* Helper */ = {
			isa = PBXGroup;
			children = (
				B1760DE42B9D4B1500D4C88A /* Services */,
				B1760DE02B9D499F00D4C88A /* Items */,
			);
			path = Helper;
			sourceTree = "<group>";
		};
		B1760DE42B9D4B1500D4C88A /* Services */ = {
			isa = PBXGroup;
			children = (
				B124764E2B0A6CCB0005117A /* NetworkManager.swift */,
			);
			path = Services;
			sourceTree = "<group>";
		};
		B1760DE52B9D4B7F00D4C88A /* ViewModels */ = {
			isa = PBXGroup;
			children = (
				B10DE5E92B0AFDFF00A30B5F /* ContentViewModel.swift */,
			);
			path = ViewModels;
			sourceTree = "<group>";
		};
		B1760DE62B9D4BB800D4C88A /* Letter */ = {
			isa = PBXGroup;
			children = (
				B12475D82B055B4C0005117A /* SendLetterView.swift */,
				B12475DA2B055BA90005117A /* ReceivedLetterView.swift */,
			);
			path = Letter;
			sourceTree = "<group>";
		};
		B1A07A732AF5348300D5818F = {
			isa = PBXGroup;
			children = (
				B1A07A7E2AF5348300D5818F /* MechuriRiOS */,
				B1A07A7D2AF5348300D5818F /* Products */,
			);
			sourceTree = "<group>";
		};
		B1A07A7D2AF5348300D5818F /* Products */ = {
			isa = PBXGroup;
			children = (
				B1A07A7C2AF5348300D5818F /* MechuriRiOS.app */,
			);
			name = Products;
			sourceTree = "<group>";
		};
		B1A07A7E2AF5348300D5818F /* MechuriRiOS */ = {
			isa = PBXGroup;
			children = (
				63D86F102B0E3E5900A28DEA /* kakaoinfo.plist */,
				B12476602B0A7C400005117A /* Info.plist */,
				B1A07A7F2AF5348300D5818F /* MechuriRiOSApp.swift */,
				B1A07A812AF5348300D5818F /* ContentView.swift */,
				B1760DE22B9D4A1C00D4C88A /* iOS */,
				B1A07A832AF5348800D5818F /* Assets.xcassets */,
				B1A07A852AF5348800D5818F /* Preview Content */,
			);
			path = MechuriRiOS;
			sourceTree = "<group>";
		};
		B1A07A852AF5348800D5818F /* Preview Content */ = {
			isa = PBXGroup;
			children = (
				B1A07A862AF5348800D5818F /* Preview Assets.xcassets */,
			);
			path = "Preview Content";
			sourceTree = "<group>";
		};
/* End PBXGroup section */

/* Begin PBXNativeTarget section */
		B1A07A7B2AF5348300D5818F /* MechuriRiOS */ = {
			isa = PBXNativeTarget;
			buildConfigurationList = B1A07A8A2AF5348800D5818F /* Build configuration list for PBXNativeTarget "MechuriRiOS" */;
			buildPhases = (
				B1A07A782AF5348300D5818F /* Sources */,
				B1A07A792AF5348300D5818F /* Frameworks */,
				B1A07A7A2AF5348300D5818F /* Resources */,
			);
			buildRules = (
			);
			dependencies = (
			);
			name = MechuriRiOS;
			packageProductDependencies = (
				63D86F132B0E3E9200A28DEA /* GoogleSignIn */,
				63D86F152B0E3E9200A28DEA /* GoogleSignInSwift */,
			);
			productName = MechuriRiOS;
			productReference = B1A07A7C2AF5348300D5818F /* MechuriRiOS.app */;
			productType = "com.apple.product-type.application";
		};
/* End PBXNativeTarget section */

/* Begin PBXProject section */
		B1A07A742AF5348300D5818F /* Project object */ = {
			isa = PBXProject;
			attributes = {
				BuildIndependentTargetsInParallel = 1;
				LastSwiftUpdateCheck = 1500;
				LastUpgradeCheck = 1500;
				TargetAttributes = {
					B1A07A7B2AF5348300D5818F = {
						CreatedOnToolsVersion = 15.0.1;
					};
				};
			};
			buildConfigurationList = B1A07A772AF5348300D5818F /* Build configuration list for PBXProject "MechuriRiOS" */;
			compatibilityVersion = "Xcode 14.0";
			developmentRegion = en;
			hasScannedForEncodings = 0;
			knownRegions = (
				en,
				Base,
			);
			mainGroup = B1A07A732AF5348300D5818F;
			packageReferences = (
				63D86F122B0E3E9200A28DEA /* XCRemoteSwiftPackageReference "GoogleSignIn-iOS" */,
			);
			productRefGroup = B1A07A7D2AF5348300D5818F /* Products */;
			projectDirPath = "";
			projectRoot = "";
			targets = (
				B1A07A7B2AF5348300D5818F /* MechuriRiOS */,
			);
		};
/* End PBXProject section */

/* Begin PBXResourcesBuildPhase section */
		B1A07A7A2AF5348300D5818F /* Resources */ = {
			isa = PBXResourcesBuildPhase;
			buildActionMask = 2147483647;
			files = (
				B124765F2B0A7B640005117A /* Cafe24SsurroundAir.ttf in Resources */,
				B1A07A872AF5348800D5818F /* Preview Assets.xcassets in Resources */,
				B1A07A842AF5348800D5818F /* Assets.xcassets in Resources */,
				B124765D2B0A7B4B0005117A /* Cafe24Ssurround.ttf in Resources */,
				63D86F112B0E3E5900A28DEA /* kakaoinfo.plist in Resources */,
			);
			runOnlyForDeploymentPostprocessing = 0;
		};
/* End PBXResourcesBuildPhase section */

/* Begin PBXSourcesBuildPhase section */
		B1A07A782AF5348300D5818F /* Sources */ = {
			isa = PBXSourcesBuildPhase;
			buildActionMask = 2147483647;
			files = (
				B12475DB2B055BA90005117A /* ReceivedLetterView.swift in Sources */,
				B1A07A8E2AF534B900D5818F /* LoginView.swift in Sources */,
				B12476542B0A6F520005117A /* TeamMember.swift in Sources */,
				7C47A9CD2B0E46FB00D23510 /* CustomAlert.swift in Sources */,
				B12476562B0A6F5D0005117A /* Diary.swift in Sources */,
				63D86F262B0E3EEE00A28DEA /* NextPageView.swift in Sources */,
				B12475DD2B055BE30005117A /* AlarmView.swift in Sources */,
				7C87D5562B0DD51D00C3F3EC /* MainViewCell.swift in Sources */,
				63D86F292B0E3EF400A28DEA /* KaKaoAuthVM.swift in Sources */,
				7C47A9DA2B0E486E00D23510 /* TabButton.swift in Sources */,
				B124764F2B0A6CCB0005117A /* NetworkManager.swift in Sources */,
				7C47A9D82B0E486B00D23510 /* extensions.swift in Sources */,
				B12475C72B051AE00005117A /* SideContentView.swift in Sources */,
				B12475D92B055B4C0005117A /* SendLetterView.swift in Sources */,
				B124765A2B0A6F750005117A /* Notice.swift in Sources */,
				B12475C02B050FD50005117A /* MainFrameView.swift in Sources */,
				B10DE5EC2B0BDFCF00A30B5F /* MakeNewDiaryContentView.swift in Sources */,
				B12475E32B0895D40005117A /* MakeNewDiaryView.swift in Sources */,
				B12476512B0A6DAC0005117A /* ExDiary.swift in Sources */,
				B12475DF2B05AF240005117A /* GoBackView.swift in Sources */,
				B12B69CF2B0DF78300611515 /* ListOfMembersView.swift in Sources */,
				B12475D32B05591C0005117A /* MyPageView.swift in Sources */,
				B1A07A822AF5348300D5818F /* ContentView.swift in Sources */,
				B10DE5EA2B0AFDFF00A30B5F /* ContentViewModel.swift in Sources */,
				7C47A9D62B0E486700D23510 /* CustomCorners.swift in Sources */,
				73B44C982B0E379800B0A4FC /* DiaryDetailView.swift in Sources */,
				B12476582B0A6F660005117A /* Comment.swift in Sources */,
				B12475ED2B0913380005117A /* EmptyView.swift in Sources */,
				73B44C992B0E379800B0A4FC /* DiaryDetailMenuView.swift in Sources */,
				63D86F272B0E3EEE00A28DEA /* UserData.swift in Sources */,
				73B44C9A2B0E379800B0A4FC /* DiaryDetailCell.swift in Sources */,
				B1A07A802AF5348300D5818F /* MechuriRiOSApp.swift in Sources */,
				73B44C9C2B0E37CD00B0A4FC /* MainView.swift in Sources */,
				B12475D52B0559D10005117A /* AddFriendsView.swift in Sources */,
				B12475D72B055AFA0005117A /* ListOfFriendsView.swift in Sources */,
			);
			runOnlyForDeploymentPostprocessing = 0;
		};
/* End PBXSourcesBuildPhase section */

/* Begin XCBuildConfiguration section */
		B1A07A882AF5348800D5818F /* Debug */ = {
			isa = XCBuildConfiguration;
			buildSettings = {
				ALWAYS_SEARCH_USER_PATHS = NO;
				ASSETCATALOG_COMPILER_GENERATE_SWIFT_ASSET_SYMBOL_EXTENSIONS = YES;
				CLANG_ANALYZER_NONNULL = YES;
				CLANG_ANALYZER_NUMBER_OBJECT_CONVERSION = YES_AGGRESSIVE;
				CLANG_CXX_LANGUAGE_STANDARD = "gnu++20";
				CLANG_ENABLE_MODULES = YES;
				CLANG_ENABLE_OBJC_ARC = YES;
				CLANG_ENABLE_OBJC_WEAK = YES;
				CLANG_WARN_BLOCK_CAPTURE_AUTORELEASING = YES;
				CLANG_WARN_BOOL_CONVERSION = YES;
				CLANG_WARN_COMMA = YES;
				CLANG_WARN_CONSTANT_CONVERSION = YES;
				CLANG_WARN_DEPRECATED_OBJC_IMPLEMENTATIONS = YES;
				CLANG_WARN_DIRECT_OBJC_ISA_USAGE = YES_ERROR;
				CLANG_WARN_DOCUMENTATION_COMMENTS = YES;
				CLANG_WARN_EMPTY_BODY = YES;
				CLANG_WARN_ENUM_CONVERSION = YES;
				CLANG_WARN_INFINITE_RECURSION = YES;
				CLANG_WARN_INT_CONVERSION = YES;
				CLANG_WARN_NON_LITERAL_NULL_CONVERSION = YES;
				CLANG_WARN_OBJC_IMPLICIT_RETAIN_SELF = YES;
				CLANG_WARN_OBJC_LITERAL_CONVERSION = YES;
				CLANG_WARN_OBJC_ROOT_CLASS = YES_ERROR;
				CLANG_WARN_QUOTED_INCLUDE_IN_FRAMEWORK_HEADER = YES;
				CLANG_WARN_RANGE_LOOP_ANALYSIS = YES;
				CLANG_WARN_STRICT_PROTOTYPES = YES;
				CLANG_WARN_SUSPICIOUS_MOVE = YES;
				CLANG_WARN_UNGUARDED_AVAILABILITY = YES_AGGRESSIVE;
				CLANG_WARN_UNREACHABLE_CODE = YES;
				CLANG_WARN__DUPLICATE_METHOD_MATCH = YES;
				COPY_PHASE_STRIP = NO;
				DEBUG_INFORMATION_FORMAT = dwarf;
				ENABLE_STRICT_OBJC_MSGSEND = YES;
				ENABLE_TESTABILITY = YES;
				ENABLE_USER_SCRIPT_SANDBOXING = YES;
				GCC_C_LANGUAGE_STANDARD = gnu17;
				GCC_DYNAMIC_NO_PIC = NO;
				GCC_NO_COMMON_BLOCKS = YES;
				GCC_OPTIMIZATION_LEVEL = 0;
				GCC_PREPROCESSOR_DEFINITIONS = (
					"DEBUG=1",
					"$(inherited)",
				);
				GCC_WARN_64_TO_32_BIT_CONVERSION = YES;
				GCC_WARN_ABOUT_RETURN_TYPE = YES_ERROR;
				GCC_WARN_UNDECLARED_SELECTOR = YES;
				GCC_WARN_UNINITIALIZED_AUTOS = YES_AGGRESSIVE;
				GCC_WARN_UNUSED_FUNCTION = YES;
				GCC_WARN_UNUSED_VARIABLE = YES;
				IPHONEOS_DEPLOYMENT_TARGET = 17.0;
				LOCALIZATION_PREFERS_STRING_CATALOGS = YES;
				MTL_ENABLE_DEBUG_INFO = INCLUDE_SOURCE;
				MTL_FAST_MATH = YES;
				ONLY_ACTIVE_ARCH = YES;
				SDKROOT = iphoneos;
				SWIFT_ACTIVE_COMPILATION_CONDITIONS = "DEBUG $(inherited)";
				SWIFT_OPTIMIZATION_LEVEL = "-Onone";
			};
			name = Debug;
		};
		B1A07A892AF5348800D5818F /* Release */ = {
			isa = XCBuildConfiguration;
			buildSettings = {
				ALWAYS_SEARCH_USER_PATHS = NO;
				ASSETCATALOG_COMPILER_GENERATE_SWIFT_ASSET_SYMBOL_EXTENSIONS = YES;
				CLANG_ANALYZER_NONNULL = YES;
				CLANG_ANALYZER_NUMBER_OBJECT_CONVERSION = YES_AGGRESSIVE;
				CLANG_CXX_LANGUAGE_STANDARD = "gnu++20";
				CLANG_ENABLE_MODULES = YES;
				CLANG_ENABLE_OBJC_ARC = YES;
				CLANG_ENABLE_OBJC_WEAK = YES;
				CLANG_WARN_BLOCK_CAPTURE_AUTORELEASING = YES;
				CLANG_WARN_BOOL_CONVERSION = YES;
				CLANG_WARN_COMMA = YES;
				CLANG_WARN_CONSTANT_CONVERSION = YES;
				CLANG_WARN_DEPRECATED_OBJC_IMPLEMENTATIONS = YES;
				CLANG_WARN_DIRECT_OBJC_ISA_USAGE = YES_ERROR;
				CLANG_WARN_DOCUMENTATION_COMMENTS = YES;
				CLANG_WARN_EMPTY_BODY = YES;
				CLANG_WARN_ENUM_CONVERSION = YES;
				CLANG_WARN_INFINITE_RECURSION = YES;
				CLANG_WARN_INT_CONVERSION = YES;
				CLANG_WARN_NON_LITERAL_NULL_CONVERSION = YES;
				CLANG_WARN_OBJC_IMPLICIT_RETAIN_SELF = YES;
				CLANG_WARN_OBJC_LITERAL_CONVERSION = YES;
				CLANG_WARN_OBJC_ROOT_CLASS = YES_ERROR;
				CLANG_WARN_QUOTED_INCLUDE_IN_FRAMEWORK_HEADER = YES;
				CLANG_WARN_RANGE_LOOP_ANALYSIS = YES;
				CLANG_WARN_STRICT_PROTOTYPES = YES;
				CLANG_WARN_SUSPICIOUS_MOVE = YES;
				CLANG_WARN_UNGUARDED_AVAILABILITY = YES_AGGRESSIVE;
				CLANG_WARN_UNREACHABLE_CODE = YES;
				CLANG_WARN__DUPLICATE_METHOD_MATCH = YES;
				COPY_PHASE_STRIP = NO;
				DEBUG_INFORMATION_FORMAT = "dwarf-with-dsym";
				ENABLE_NS_ASSERTIONS = NO;
				ENABLE_STRICT_OBJC_MSGSEND = YES;
				ENABLE_USER_SCRIPT_SANDBOXING = YES;
				GCC_C_LANGUAGE_STANDARD = gnu17;
				GCC_NO_COMMON_BLOCKS = YES;
				GCC_WARN_64_TO_32_BIT_CONVERSION = YES;
				GCC_WARN_ABOUT_RETURN_TYPE = YES_ERROR;
				GCC_WARN_UNDECLARED_SELECTOR = YES;
				GCC_WARN_UNINITIALIZED_AUTOS = YES_AGGRESSIVE;
				GCC_WARN_UNUSED_FUNCTION = YES;
				GCC_WARN_UNUSED_VARIABLE = YES;
				IPHONEOS_DEPLOYMENT_TARGET = 17.0;
				LOCALIZATION_PREFERS_STRING_CATALOGS = YES;
				MTL_ENABLE_DEBUG_INFO = NO;
				MTL_FAST_MATH = YES;
				SDKROOT = iphoneos;
				SWIFT_COMPILATION_MODE = wholemodule;
				VALIDATE_PRODUCT = YES;
			};
			name = Release;
		};
		B1A07A8B2AF5348800D5818F /* Debug */ = {
			isa = XCBuildConfiguration;
			buildSettings = {
				ASSETCATALOG_COMPILER_APPICON_NAME = AppIcon;
				ASSETCATALOG_COMPILER_GLOBAL_ACCENT_COLOR_NAME = AccentColor;
				CODE_SIGN_STYLE = Automatic;
				CURRENT_PROJECT_VERSION = 1;
				DEVELOPMENT_ASSET_PATHS = "\"MechuriRiOS/Preview Content\"";
				DEVELOPMENT_TEAM = "";
				ENABLE_PREVIEWS = YES;
				GENERATE_INFOPLIST_FILE = YES;
				INFOPLIST_FILE = MechuriRiOS/Info.plist;
				INFOPLIST_KEY_NSCameraUsageDescription = "";
				INFOPLIST_KEY_NSLocationWhenInUseUsageDescription = "사용자 위치를 기반으로 날씨 정보를 제공하기 위해 권한이 필요합니다.";
				INFOPLIST_KEY_NSPhotoLibraryAddUsageDescription = "사진 어쩌구";
				INFOPLIST_KEY_UIApplicationSceneManifest_Generation = YES;
				INFOPLIST_KEY_UIApplicationSupportsIndirectInputEvents = YES;
				INFOPLIST_KEY_UILaunchScreen_Generation = YES;
				INFOPLIST_KEY_UISupportedInterfaceOrientations_iPad = "UIInterfaceOrientationPortrait UIInterfaceOrientationPortraitUpsideDown UIInterfaceOrientationLandscapeLeft UIInterfaceOrientationLandscapeRight";
				INFOPLIST_KEY_UISupportedInterfaceOrientations_iPhone = "UIInterfaceOrientationPortrait UIInterfaceOrientationLandscapeLeft UIInterfaceOrientationLandscapeRight";
				IPHONEOS_DEPLOYMENT_TARGET = 17.0;
				LD_RUNPATH_SEARCH_PATHS = (
					"$(inherited)",
					"@executable_path/Frameworks",
				);
				MARKETING_VERSION = 1.0;
				PRODUCT_BUNDLE_IDENTIFIER = thanky.MechuriRiOS;
				PRODUCT_NAME = "$(TARGET_NAME)";
				SWIFT_EMIT_LOC_STRINGS = YES;
				SWIFT_VERSION = 5.0;
				TARGETED_DEVICE_FAMILY = "1,2";
			};
			name = Debug;
		};
		B1A07A8C2AF5348800D5818F /* Release */ = {
			isa = XCBuildConfiguration;
			buildSettings = {
				ASSETCATALOG_COMPILER_APPICON_NAME = AppIcon;
				ASSETCATALOG_COMPILER_GLOBAL_ACCENT_COLOR_NAME = AccentColor;
				CODE_SIGN_STYLE = Automatic;
				CURRENT_PROJECT_VERSION = 1;
				DEVELOPMENT_ASSET_PATHS = "\"MechuriRiOS/Preview Content\"";
				DEVELOPMENT_TEAM = "";
				ENABLE_PREVIEWS = YES;
				GENERATE_INFOPLIST_FILE = YES;
				INFOPLIST_FILE = MechuriRiOS/Info.plist;
				INFOPLIST_KEY_NSCameraUsageDescription = "";
				INFOPLIST_KEY_NSLocationWhenInUseUsageDescription = "사용자 위치를 기반으로 날씨 정보를 제공하기 위해 권한이 필요합니다.";
				INFOPLIST_KEY_NSPhotoLibraryAddUsageDescription = "사진 어쩌구";
				INFOPLIST_KEY_UIApplicationSceneManifest_Generation = YES;
				INFOPLIST_KEY_UIApplicationSupportsIndirectInputEvents = YES;
				INFOPLIST_KEY_UILaunchScreen_Generation = YES;
				INFOPLIST_KEY_UISupportedInterfaceOrientations_iPad = "UIInterfaceOrientationPortrait UIInterfaceOrientationPortraitUpsideDown UIInterfaceOrientationLandscapeLeft UIInterfaceOrientationLandscapeRight";
				INFOPLIST_KEY_UISupportedInterfaceOrientations_iPhone = "UIInterfaceOrientationPortrait UIInterfaceOrientationLandscapeLeft UIInterfaceOrientationLandscapeRight";
				IPHONEOS_DEPLOYMENT_TARGET = 17.0;
				LD_RUNPATH_SEARCH_PATHS = (
					"$(inherited)",
					"@executable_path/Frameworks",
				);
				MARKETING_VERSION = 1.0;
				PRODUCT_BUNDLE_IDENTIFIER = thanky.MechuriRiOS;
				PRODUCT_NAME = "$(TARGET_NAME)";
				SWIFT_EMIT_LOC_STRINGS = YES;
				SWIFT_VERSION = 5.0;
				TARGETED_DEVICE_FAMILY = "1,2";
			};
			name = Release;
		};
/* End XCBuildConfiguration section */

/* Begin XCConfigurationList section */
		B1A07A772AF5348300D5818F /* Build configuration list for PBXProject "MechuriRiOS" */ = {
			isa = XCConfigurationList;
			buildConfigurations = (
				B1A07A882AF5348800D5818F /* Debug */,
				B1A07A892AF5348800D5818F /* Release */,
			);
			defaultConfigurationIsVisible = 0;
			defaultConfigurationName = Release;
		};
		B1A07A8A2AF5348800D5818F /* Build configuration list for PBXNativeTarget "MechuriRiOS" */ = {
			isa = XCConfigurationList;
			buildConfigurations = (
				B1A07A8B2AF5348800D5818F /* Debug */,
				B1A07A8C2AF5348800D5818F /* Release */,
			);
			defaultConfigurationIsVisible = 0;
			defaultConfigurationName = Release;
		};
/* End XCConfigurationList section */

/* Begin XCRemoteSwiftPackageReference section */
		63D86F122B0E3E9200A28DEA /* XCRemoteSwiftPackageReference "GoogleSignIn-iOS" */ = {
			isa = XCRemoteSwiftPackageReference;
			repositoryURL = "https://github.com/google/GoogleSignIn-iOS";
			requirement = {
				kind = upToNextMajorVersion;
				minimumVersion = 7.0.0;
			};
		};
/* End XCRemoteSwiftPackageReference section */

/* Begin XCSwiftPackageProductDependency section */
		63D86F132B0E3E9200A28DEA /* GoogleSignIn */ = {
			isa = XCSwiftPackageProductDependency;
			package = 63D86F122B0E3E9200A28DEA /* XCRemoteSwiftPackageReference "GoogleSignIn-iOS" */;
			productName = GoogleSignIn;
		};
		63D86F152B0E3E9200A28DEA /* GoogleSignInSwift */ = {
			isa = XCSwiftPackageProductDependency;
			package = 63D86F122B0E3E9200A28DEA /* XCRemoteSwiftPackageReference "GoogleSignIn-iOS" */;
			productName = GoogleSignInSwift;
		};
/* End XCSwiftPackageProductDependency section */
	};
	rootObject = B1A07A742AF5348300D5818F /* Project object */;
}
